// !$*UTF8*$!
{
	archiveVersion = 1;
	classes = {
	};
	objectVersion = 46;
	objects = {

/* Begin PBXBuildFile section */
		6E18FDDE15C2470B00349837 /* Foundation.framework in Frameworks */ = {isa = PBXBuildFile; fileRef = 6E18FDDD15C2470B00349837 /* Foundation.framework */; };
		6E18FDE315C2470B00349837 /* IPaAVCamController.h in CopyFiles */ = {isa = PBXBuildFile; fileRef = 6E18FDE215C2470B00349837 /* IPaAVCamController.h */; };
		6E18FDE515C2470B00349837 /* IPaAVCamController.m in Sources */ = {isa = PBXBuildFile; fileRef = 6E18FDE415C2470B00349837 /* IPaAVCamController.m */; };
		6E6B623515C6418E00ECE63B /* UIKit.framework in Frameworks */ = {isa = PBXBuildFile; fileRef = 6E6B623415C6418E00ECE63B /* UIKit.framework */; };
		6E6B623815C6419200ECE63B /* AVFoundation.framework in Frameworks */ = {isa = PBXBuildFile; fileRef = 6E6B623715C6419200ECE63B /* AVFoundation.framework */; };
/* End PBXBuildFile section */

/* Begin PBXCopyFilesBuildPhase section */
		6E18FDD815C2470B00349837 /* CopyFiles */ = {
			isa = PBXCopyFilesBuildPhase;
			buildActionMask = 2147483647;
			dstPath = "include/${PRODUCT_NAME}";
			dstSubfolderSpec = 16;
			files = (
				6E18FDE315C2470B00349837 /* IPaAVCamController.h in CopyFiles */,
			);
			runOnlyForDeploymentPostprocessing = 0;
		};
/* End PBXCopyFilesBuildPhase section */

/* Begin PBXFileReference section */
		6E18FDDA15C2470B00349837 /* libIPaAVCamController.a */ = {isa = PBXFileReference; explicitFileType = archive.ar; includeInIndex = 0; path = libIPaAVCamController.a; sourceTree = BUILT_PRODUCTS_DIR; };
		6E18FDDD15C2470B00349837 /* Foundation.framework */ = {isa = PBXFileReference; lastKnownFileType = wrapper.framework; name = Foundation.framework; path = System/Library/Frameworks/Foundation.framework; sourceTree = SDKROOT; };
		6E18FDE115C2470B00349837 /* IPaAVCamController-Prefix.pch */ = {isa = PBXFileReference; lastKnownFileType = sourcecode.c.h; path = "IPaAVCamController-Prefix.pch"; sourceTree = "<group>"; };
		6E18FDE215C2470B00349837 /* IPaAVCamController.h */ = {isa = PBXFileReference; lastKnownFileType = sourcecode.c.h; path = IPaAVCamController.h; sourceTree = "<group>"; };
		6E18FDE415C2470B00349837 /* IPaAVCamController.m */ = {isa = PBXFileReference; lastKnownFileType = sourcecode.c.objc; path = IPaAVCamController.m; sourceTree = "<group>"; };
		6E6B623415C6418E00ECE63B /* UIKit.framework */ = {isa = PBXFileReference; lastKnownFileType = wrapper.framework; name = UIKit.framework; path = System/Library/Frameworks/UIKit.framework; sourceTree = SDKROOT; };
		6E6B623715C6419200ECE63B /* AVFoundation.framework */ = {isa = PBXFileReference; lastKnownFileType = wrapper.framework; name = AVFoundation.framework; path = System/Library/Frameworks/AVFoundation.framework; sourceTree = SDKROOT; };
/* End PBXFileReference section */

/* Begin PBXFrameworksBuildPhase section */
		6E18FDD715C2470B00349837 /* Frameworks */ = {
			isa = PBXFrameworksBuildPhase;
			buildActionMask = 2147483647;
			files = (
				6E6B623815C6419200ECE63B /* AVFoundation.framework in Frameworks */,
				6E6B623515C6418E00ECE63B /* UIKit.framework in Frameworks */,
				6E18FDDE15C2470B00349837 /* Foundation.framework in Frameworks */,
			);
			runOnlyForDeploymentPostprocessing = 0;
		};
/* End PBXFrameworksBuildPhase section */

/* Begin PBXGroup section */
		6E18FDCF15C2470B00349837 = {
			isa = PBXGroup;
			children = (
				6E18FDDF15C2470B00349837 /* IPaAVCamController */,
				6E18FDDC15C2470B00349837 /* Frameworks */,
				6E18FDDB15C2470B00349837 /* Products */,
			);
			sourceTree = "<group>";
		};
		6E18FDDB15C2470B00349837 /* Products */ = {
			isa = PBXGroup;
			children = (
				6E18FDDA15C2470B00349837 /* libIPaAVCamController.a */,
			);
			name = Products;
			sourceTree = "<group>";
		};
		6E18FDDC15C2470B00349837 /* Frameworks */ = {
			isa = PBXGroup;
			children = (
				6E6B623715C6419200ECE63B /* AVFoundation.framework */,
				6E6B623415C6418E00ECE63B /* UIKit.framework */,
				6E18FDDD15C2470B00349837 /* Foundation.framework */,
			);
			name = Frameworks;
			sourceTree = "<group>";
		};
		6E18FDDF15C2470B00349837 /* IPaAVCamController */ = {
			isa = PBXGroup;
			children = (
				6E18FDE215C2470B00349837 /* IPaAVCamController.h */,
				6E18FDE415C2470B00349837 /* IPaAVCamController.m */,
				6E18FDE015C2470B00349837 /* Supporting Files */,
			);
			path = IPaAVCamController;
			sourceTree = "<group>";
		};
		6E18FDE015C2470B00349837 /* Supporting Files */ = {
			isa = PBXGroup;
			children = (
				6E18FDE115C2470B00349837 /* IPaAVCamController-Prefix.pch */,
			);
			name = "Supporting Files";
			sourceTree = "<group>";
		};
/* End PBXGroup section */

/* Begin PBXNativeTarget section */
		6E18FDD915C2470B00349837 /* IPaAVCamController */ = {
			isa = PBXNativeTarget;
			buildConfigurationList = 6E18FDE815C2470B00349837 /* Build configuration list for PBXNativeTarget "IPaAVCamController" */;
			buildPhases = (
				6E18FDD615C2470B00349837 /* Sources */,
				6E18FDD715C2470B00349837 /* Frameworks */,
				6E18FDD815C2470B00349837 /* CopyFiles */,
			);
			buildRules = (
			);
			dependencies = (
			);
			name = IPaAVCamController;
			productName = IPaAVCamController;
			productReference = 6E18FDDA15C2470B00349837 /* libIPaAVCamController.a */;
			productType = "com.apple.product-type.library.static";
		};
/* End PBXNativeTarget section */

/* Begin PBXProject section */
		6E18FDD115C2470B00349837 /* Project object */ = {
			isa = PBXProject;
			attributes = {
				LastUpgradeCheck = 0440;
				ORGANIZATIONNAME = IPaPa;
			};
			buildConfigurationList = 6E18FDD415C2470B00349837 /* Build configuration list for PBXProject "IPaAVCamController" */;
			compatibilityVersion = "Xcode 3.2";
			developmentRegion = English;
			hasScannedForEncodings = 0;
			knownRegions = (
				en,
			);
			mainGroup = 6E18FDCF15C2470B00349837;
			productRefGroup = 6E18FDDB15C2470B00349837 /* Products */;
			projectDirPath = "";
			projectRoot = "";
			targets = (
				6E18FDD915C2470B00349837 /* IPaAVCamController */,
			);
		};
/* End PBXProject section */

/* Begin PBXSourcesBuildPhase section */
		6E18FDD615C2470B00349837 /* Sources */ = {
			isa = PBXSourcesBuildPhase;
			buildActionMask = 2147483647;
			files = (
				6E18FDE515C2470B00349837 /* IPaAVCamController.m in Sources */,
			);
			runOnlyForDeploymentPostprocessing = 0;
		};
/* End PBXSourcesBuildPhase section */

/* Begin XCBuildConfiguration section */
		6E18FDE615C2470B00349837 /* Debug */ = {
			isa = XCBuildConfiguration;
			buildSettings = {
				ALWAYS_SEARCH_USER_PATHS = NO;
				ARCHS = "$(ARCHS_STANDARD_32_BIT)";
				CLANG_CXX_LANGUAGE_STANDARD = "gnu++0x";
				CLANG_ENABLE_OBJC_ARC = YES;
				CLANG_WARN__DUPLICATE_METHOD_MATCH = YES;
				COPY_PHASE_STRIP = NO;
				GCC_C_LANGUAGE_STANDARD = gnu99;
				GCC_DYNAMIC_NO_PIC = NO;
				GCC_OPTIMIZATION_LEVEL = 0;
				GCC_PREPROCESSOR_DEFINITIONS = (
					"DEBUG=1",
					"$(inherited)",
				);
				GCC_SYMBOLS_PRIVATE_EXTERN = NO;
				GCC_VERSION = com.apple.compilers.llvm.clang.1_0;
				GCC_WARN_ABOUT_RETURN_TYPE = YES;
				GCC_WARN_UNINITIALIZED_AUTOS = YES;
				GCC_WARN_UNUSED_VARIABLE = YES;
				IPHONEOS_DEPLOYMENT_TARGET = 5.1;
				SDKROOT = iphoneos;
			};
			name = Debug;
		};
		6E18FDE715C2470B00349837 /* Release */ = {
			isa = XCBuildConfiguration;
			buildSettings = {
				ALWAYS_SEARCH_USER_PATHS = NO;
				ARCHS = "$(ARCHS_STANDARD_32_BIT)";
				CLANG_CXX_LANGUAGE_STANDARD = "gnu++0x";
				CLANG_ENABLE_OBJC_ARC = YES;
				CLANG_WARN__DUPLICATE_METHOD_MATCH = YES;
				COPY_PHASE_STRIP = YES;
				GCC_C_LANGUAGE_STANDARD = gnu99;
				GCC_VERSION = com.apple.compilers.llvm.clang.1_0;
				GCC_WARN_ABOUT_RETURN_TYPE = YES;
				GCC_WARN_UNINITIALIZED_AUTOS = YES;
				GCC_WARN_UNUSED_VARIABLE = YES;
				IPHONEOS_DEPLOYMENT_TARGET = 5.1;
				SDKROOT = iphoneos;
				VALIDATE_PRODUCT = YES;
			};
			name = Release;
		};
		6E18FDE915C2470B00349837 /* Debug */ = {
			isa = XCBuildConfiguration;
			buildSettings = {
				DSTROOT = /tmp/IPaAVCamController.dst;
				GCC_PRECOMPILE_PREFIX_HEADER = YES;
				GCC_PREFIX_HEADER = "IPaAVCamController/IPaAVCamController-Prefix.pch";
				OTHER_LDFLAGS = "-ObjC";
				PRODUCT_NAME = "$(TARGET_NAME)";
				SKIP_INSTALL = YES;
			};
			name = Debug;
		};
		6E18FDEA15C2470B00349837 /* Release */ = {
			isa = XCBuildConfiguration;
			buildSettings = {
				DSTROOT = /tmp/IPaAVCamController.dst;
				GCC_PRECOMPILE_PREFIX_HEADER = YES;
				GCC_PREFIX_HEADER = "IPaAVCamController/IPaAVCamController-Prefix.pch";
				OTHER_LDFLAGS = "-ObjC";
				PRODUCT_NAME = "$(TARGET_NAME)";
				SKIP_INSTALL = YES;
			};
			name = Release;
		};
/* End XCBuildConfiguration section */

/* Begin XCConfigurationList section */
		6E18FDD415C2470B00349837 /* Build configuration list for PBXProject "IPaAVCamController" */ = {
			isa = XCConfigurationList;
			buildConfigurations = (
				6E18FDE615C2470B00349837 /* Debug */,
				6E18FDE715C2470B00349837 /* Release */,
			);
			defaultConfigurationIsVisible = 0;
			defaultConfigurationName = Release;
		};
		6E18FDE815C2470B00349837 /* Build configuration list for PBXNativeTarget "IPaAVCamController" */ = {
			isa = XCConfigurationList;
			buildConfigurations = (
				6E18FDE915C2470B00349837 /* Debug */,
				6E18FDEA15C2470B00349837 /* Release */,
			);
			defaultConfigurationIsVisible = 0;
			defaultConfigurationName = Release;
		};
/* End XCConfigurationList section */
	};
	rootObject = 6E18FDD115C2470B00349837 /* Project object */;
}
